
Microsoft Visual Studio Solution File, Format Version 12.00
Project("{FAE04EC0-301F-11D3-BF4B-00C04F79EFBC}") = "Builder.App", "Builder.App\Builder.App.csproj", "{18CEDAB4-8DD0-4D3F-84C4-8CBC9EF72778}"
EndProject
Project("{FAE04EC0-301F-11D3-BF4B-00C04F79EFBC}") = "Builder.Lib", "Builder.Lib\Builder.Lib.csproj", "{85CC94E0-E698-49C6-9135-9EAA3E1B59BA}"
EndProject
Global
	GlobalSection(SolutionConfigurationPlatforms) = preSolution
		Debug|Any CPU = Debug|Any CPU
		Release|Any CPU = Release|Any CPU
	EndGlobalSection
	GlobalSection(ProjectConfigurationPlatforms) = postSolution
		{18CEDAB4-8DD0-4D3F-84C4-8CBC9EF72778}.Debug|Any CPU.ActiveCfg = Debug|Any CPU
		{18CEDAB4-8DD0-4D3F-84C4-8CBC9EF72778}.Debug|Any CPU.Build.0 = Debug|Any CPU
		{18CEDAB4-8DD0-4D3F-84C4-8CBC9EF72778}.Release|Any CPU.ActiveCfg = Release|Any CPU
		{18CEDAB4-8DD0-4D3F-84C4-8CBC9EF72778}.Release|Any CPU.Build.0 = Release|Any CPU
		{85CC94E0-E698-49C6-9135-9EAA3E1B59BA}.Debug|Any CPU.ActiveCfg = Debug|Any CPU
		{85CC94E0-E698-49C6-9135-9EAA3E1B59BA}.Debug|Any CPU.Build.0 = Debug|Any CPU
		{85CC94E0-E698-49C6-9135-9EAA3E1B59BA}.Release|Any CPU.ActiveCfg = Release|Any CPU
		{85CC94E0-E698-49C6-9135-9EAA3E1B59BA}.Release|Any CPU.Build.0 = Release|Any CPU
	EndGlobalSection
EndGlobal
